// !$*UTF8*$!
{
	archiveVersion = 1;
	classes = {
	};
	objectVersion = 46;
	objects = {

/* Begin PBXBuildFile section */
		0404E888173A4B99008B2946 /* UIKit.framework in Frameworks */ = {isa = PBXBuildFile; fileRef = 0404E887173A4B99008B2946 /* UIKit.framework */; };
		0404E88A173A4B99008B2946 /* Foundation.framework in Frameworks */ = {isa = PBXBuildFile; fileRef = 0404E889173A4B99008B2946 /* Foundation.framework */; };
		0404E88C173A4B99008B2946 /* CoreGraphics.framework in Frameworks */ = {isa = PBXBuildFile; fileRef = 0404E88B173A4B99008B2946 /* CoreGraphics.framework */; };
		0404E892173A4B99008B2946 /* InfoPlist.strings in Resources */ = {isa = PBXBuildFile; fileRef = 0404E890173A4B99008B2946 /* InfoPlist.strings */; };
		0404E894173A4B99008B2946 /* main.m in Sources */ = {isa = PBXBuildFile; fileRef = 0404E893173A4B99008B2946 /* main.m */; };
		0404E89A173A4B99008B2946 /* Default.png in Resources */ = {isa = PBXBuildFile; fileRef = 0404E899173A4B99008B2946 /* Default.png */; };
		0404E89C173A4B99008B2946 /* Default@2x.png in Resources */ = {isa = PBXBuildFile; fileRef = 0404E89B173A4B99008B2946 /* Default@2x.png */; };
		0404E89E173A4B99008B2946 /* Default-568h@2x.png in Resources */ = {isa = PBXBuildFile; fileRef = 0404E89D173A4B99008B2946 /* Default-568h@2x.png */; };
		0404E8B4173A4CD0008B2946 /* FlickrFetcher.m in Sources */ = {isa = PBXBuildFile; fileRef = 0404E8B3173A4CD0008B2946 /* FlickrFetcher.m */; };
		0404E8BC173A5104008B2946 /* iPhone.storyboard in Resources */ = {isa = PBXBuildFile; fileRef = 0404E8BB173A5104008B2946 /* iPhone.storyboard */; };
		0404E8BF173A538A008B2946 /* NewPhotoViewController.m in Sources */ = {isa = PBXBuildFile; fileRef = 0404E8BE173A538A008B2946 /* NewPhotoViewController.m */; };
		0404E8D2173A8A62008B2946 /* PhotoListTVC.m in Sources */ = {isa = PBXBuildFile; fileRef = 0404E8D1173A8A61008B2946 /* PhotoListTVC.m */; };
		0404E944173C27F4008B2946 /* PhotoUploaderVC.m in Sources */ = {isa = PBXBuildFile; fileRef = 0404E943173C27F4008B2946 /* PhotoUploaderVC.m */; };
		0404E947173C2877008B2946 /* AppDelegate.m in Sources */ = {isa = PBXBuildFile; fileRef = 0404E946173C2877008B2946 /* AppDelegate.m */; };
		04428C57173CE7C20088A376 /* smileyImage.jpeg in Resources */ = {isa = PBXBuildFile; fileRef = 04428C56173CE7C20088A376 /* smileyImage.jpeg */; };
		04428D07173D169D0088A376 /* FlickrAuthentication.m in Sources */ = {isa = PBXBuildFile; fileRef = 04428D06173D169D0088A376 /* FlickrAuthentication.m */; };
		06BDC1BC173A923F00611447 /* ImageViewController.m in Sources */ = {isa = PBXBuildFile; fileRef = 06BDC1BB173A923F00611447 /* ImageViewController.m */; };
		06CD6D8D173BA8580026E0D3 /* GoogleMaps.framework in Frameworks */ = {isa = PBXBuildFile; fileRef = 06CD6D8C173BA8580026E0D3 /* GoogleMaps.framework */; };
		06CD6D8F173BA89F0026E0D3 /* GoogleMaps.bundle in Resources */ = {isa = PBXBuildFile; fileRef = 06CD6D8E173BA89F0026E0D3 /* GoogleMaps.bundle */; };
		06CD6D91173BA9290026E0D3 /* AVFoundation.framework in Frameworks */ = {isa = PBXBuildFile; fileRef = 06CD6D90173BA9290026E0D3 /* AVFoundation.framework */; };
		06CD6D93173BA9350026E0D3 /* CoreData.framework in Frameworks */ = {isa = PBXBuildFile; fileRef = 06CD6D92173BA9350026E0D3 /* CoreData.framework */; };
		06CD6D95173BA9400026E0D3 /* CoreLocation.framework in Frameworks */ = {isa = PBXBuildFile; fileRef = 06CD6D94173BA9400026E0D3 /* CoreLocation.framework */; };
		06CD6D97173BA94A0026E0D3 /* CoreText.framework in Frameworks */ = {isa = PBXBuildFile; fileRef = 06CD6D96173BA94A0026E0D3 /* CoreText.framework */; };
		06CD6D99173BA9530026E0D3 /* GLKit.framework in Frameworks */ = {isa = PBXBuildFile; fileRef = 06CD6D98173BA9530026E0D3 /* GLKit.framework */; };
		06CD6D9B173BA95F0026E0D3 /* ImageIO.framework in Frameworks */ = {isa = PBXBuildFile; fileRef = 06CD6D9A173BA95F0026E0D3 /* ImageIO.framework */; };
		06CD6D9D173BA9710026E0D3 /* libc++.dylib in Frameworks */ = {isa = PBXBuildFile; fileRef = 06CD6D9C173BA9710026E0D3 /* libc++.dylib */; };
		06CD6D9F173BA97D0026E0D3 /* libicucore.dylib in Frameworks */ = {isa = PBXBuildFile; fileRef = 06CD6D9E173BA97D0026E0D3 /* libicucore.dylib */; };
		06CD6DA1173BA98A0026E0D3 /* libz.dylib in Frameworks */ = {isa = PBXBuildFile; fileRef = 06CD6DA0173BA98A0026E0D3 /* libz.dylib */; };
		06CD6DA3173BA9930026E0D3 /* OpenGLES.framework in Frameworks */ = {isa = PBXBuildFile; fileRef = 06CD6DA2173BA9930026E0D3 /* OpenGLES.framework */; };
		06CD6DA5173BA99E0026E0D3 /* QuartzCore.framework in Frameworks */ = {isa = PBXBuildFile; fileRef = 06CD6DA4173BA99E0026E0D3 /* QuartzCore.framework */; };
		06CD6DA7173BA9A30026E0D3 /* SystemConfiguration.framework in Frameworks */ = {isa = PBXBuildFile; fileRef = 06CD6DA6173BA9A30026E0D3 /* SystemConfiguration.framework */; };
		06CD6DAA173BAC060026E0D3 /* MapViewController.m in Sources */ = {isa = PBXBuildFile; fileRef = 06CD6DA9173BAC060026E0D3 /* MapViewController.m */; };
		06CD6DAD173BAFCA0026E0D3 /* PhotoStorage.m in Sources */ = {isa = PBXBuildFile; fileRef = 06CD6DAC173BAFCA0026E0D3 /* PhotoStorage.m */; };
		06CD6DB0173BEE240026E0D3 /* PhotoDescriptionVC.m in Sources */ = {isa = PBXBuildFile; fileRef = 06CD6DAF173BEE240026E0D3 /* PhotoDescriptionVC.m */; };
		06CD6DB2173D62160026E0D3 /* MapKit.framework in Frameworks */ = {isa = PBXBuildFile; fileRef = 06CD6DB1173D62160026E0D3 /* MapKit.framework */; };
		06CD6DB6173D99A70026E0D3 /* PhotoAnnotation.m in Sources */ = {isa = PBXBuildFile; fileRef = 06CD6DB5173D99A70026E0D3 /* PhotoAnnotation.m */; };
/* End PBXBuildFile section */

/* Begin PBXFileReference section */
		0404E884173A4B99008B2946 /* ProjectApp.app */ = {isa = PBXFileReference; explicitFileType = wrapper.application; includeInIndex = 0; path = ProjectApp.app; sourceTree = BUILT_PRODUCTS_DIR; };
		0404E887173A4B99008B2946 /* UIKit.framework */ = {isa = PBXFileReference; lastKnownFileType = wrapper.framework; name = UIKit.framework; path = System/Library/Frameworks/UIKit.framework; sourceTree = SDKROOT; };
		0404E889173A4B99008B2946 /* Foundation.framework */ = {isa = PBXFileReference; lastKnownFileType = wrapper.framework; name = Foundation.framework; path = System/Library/Frameworks/Foundation.framework; sourceTree = SDKROOT; };
		0404E88B173A4B99008B2946 /* CoreGraphics.framework */ = {isa = PBXFileReference; lastKnownFileType = wrapper.framework; name = CoreGraphics.framework; path = System/Library/Frameworks/CoreGraphics.framework; sourceTree = SDKROOT; };
		0404E88F173A4B99008B2946 /* ProjectApp-Info.plist */ = {isa = PBXFileReference; lastKnownFileType = text.plist.xml; path = "ProjectApp-Info.plist"; sourceTree = "<group>"; };
		0404E891173A4B99008B2946 /* en */ = {isa = PBXFileReference; lastKnownFileType = text.plist.strings; name = en; path = en.lproj/InfoPlist.strings; sourceTree = "<group>"; };
		0404E893173A4B99008B2946 /* main.m */ = {isa = PBXFileReference; lastKnownFileType = sourcecode.c.objc; path = main.m; sourceTree = "<group>"; };
		0404E895173A4B99008B2946 /* ProjectApp-Prefix.pch */ = {isa = PBXFileReference; lastKnownFileType = sourcecode.c.h; path = "ProjectApp-Prefix.pch"; sourceTree = "<group>"; };
		0404E899173A4B99008B2946 /* Default.png */ = {isa = PBXFileReference; lastKnownFileType = image.png; path = Default.png; sourceTree = "<group>"; };
		0404E89B173A4B99008B2946 /* Default@2x.png */ = {isa = PBXFileReference; lastKnownFileType = image.png; path = "Default@2x.png"; sourceTree = "<group>"; };
		0404E89D173A4B99008B2946 /* Default-568h@2x.png */ = {isa = PBXFileReference; lastKnownFileType = image.png; path = "Default-568h@2x.png"; sourceTree = "<group>"; };
		0404E8B1173A4CD0008B2946 /* FlickrAPIKey.h */ = {isa = PBXFileReference; fileEncoding = 4; lastKnownFileType = sourcecode.c.h; path = FlickrAPIKey.h; sourceTree = "<group>"; };
		0404E8B2173A4CD0008B2946 /* FlickrFetcher.h */ = {isa = PBXFileReference; fileEncoding = 4; lastKnownFileType = sourcecode.c.h; path = FlickrFetcher.h; sourceTree = "<group>"; };
		0404E8B3173A4CD0008B2946 /* FlickrFetcher.m */ = {isa = PBXFileReference; fileEncoding = 4; lastKnownFileType = sourcecode.c.objc; path = FlickrFetcher.m; sourceTree = "<group>"; };
		0404E8BB173A5104008B2946 /* iPhone.storyboard */ = {isa = PBXFileReference; fileEncoding = 4; lastKnownFileType = file.storyboard; path = iPhone.storyboard; sourceTree = "<group>"; };
		0404E8BD173A538A008B2946 /* NewPhotoViewController.h */ = {isa = PBXFileReference; fileEncoding = 4; lastKnownFileType = sourcecode.c.h; name = NewPhotoViewController.h; path = ../NewPhotoViewController.h; sourceTree = "<group>"; };
		0404E8BE173A538A008B2946 /* NewPhotoViewController.m */ = {isa = PBXFileReference; fileEncoding = 4; lastKnownFileType = sourcecode.c.objc; name = NewPhotoViewController.m; path = ../NewPhotoViewController.m; sourceTree = "<group>"; };
		0404E8D0173A8A61008B2946 /* PhotoListTVC.h */ = {isa = PBXFileReference; fileEncoding = 4; lastKnownFileType = sourcecode.c.h; name = PhotoListTVC.h; path = ../PhotoListTVC.h; sourceTree = "<group>"; };
		0404E8D1173A8A61008B2946 /* PhotoListTVC.m */ = {isa = PBXFileReference; fileEncoding = 4; lastKnownFileType = sourcecode.c.objc; name = PhotoListTVC.m; path = ../PhotoListTVC.m; sourceTree = "<group>"; };
		0404E942173C27F4008B2946 /* PhotoUploaderVC.h */ = {isa = PBXFileReference; fileEncoding = 4; lastKnownFileType = sourcecode.c.h; path = PhotoUploaderVC.h; sourceTree = "<group>"; };
		0404E943173C27F4008B2946 /* PhotoUploaderVC.m */ = {isa = PBXFileReference; fileEncoding = 4; lastKnownFileType = sourcecode.c.objc; path = PhotoUploaderVC.m; sourceTree = "<group>"; };
		0404E945173C2877008B2946 /* AppDelegate.h */ = {isa = PBXFileReference; fileEncoding = 4; lastKnownFileType = sourcecode.c.h; path = AppDelegate.h; sourceTree = "<group>"; };
		0404E946173C2877008B2946 /* AppDelegate.m */ = {isa = PBXFileReference; fileEncoding = 4; lastKnownFileType = sourcecode.c.objc; path = AppDelegate.m; sourceTree = "<group>"; };
		04428C56173CE7C20088A376 /* smileyImage.jpeg */ = {isa = PBXFileReference; lastKnownFileType = image.jpeg; path = smileyImage.jpeg; sourceTree = "<group>"; };
		04428D05173D169D0088A376 /* FlickrAuthentication.h */ = {isa = PBXFileReference; fileEncoding = 4; lastKnownFileType = sourcecode.c.h; path = FlickrAuthentication.h; sourceTree = "<group>"; };
		04428D06173D169D0088A376 /* FlickrAuthentication.m */ = {isa = PBXFileReference; fileEncoding = 4; lastKnownFileType = sourcecode.c.objc; path = FlickrAuthentication.m; sourceTree = "<group>"; };
		06BDC1BA173A923F00611447 /* ImageViewController.h */ = {isa = PBXFileReference; fileEncoding = 4; lastKnownFileType = sourcecode.c.h; path = ImageViewController.h; sourceTree = "<group>"; };
		06BDC1BB173A923F00611447 /* ImageViewController.m */ = {isa = PBXFileReference; fileEncoding = 4; lastKnownFileType = sourcecode.c.objc; path = ImageViewController.m; sourceTree = "<group>"; };
		06CD6D8C173BA8580026E0D3 /* GoogleMaps.framework */ = {isa = PBXFileReference; lastKnownFileType = wrapper.framework; path = GoogleMaps.framework; sourceTree = "<group>"; };
		06CD6D8E173BA89F0026E0D3 /* GoogleMaps.bundle */ = {isa = PBXFileReference; lastKnownFileType = "wrapper.plug-in"; name = GoogleMaps.bundle; path = GoogleMaps.framework/Versions/A/Resources/GoogleMaps.bundle; sourceTree = "<group>"; };
		06CD6D90173BA9290026E0D3 /* AVFoundation.framework */ = {isa = PBXFileReference; lastKnownFileType = wrapper.framework; name = AVFoundation.framework; path = System/Library/Frameworks/AVFoundation.framework; sourceTree = SDKROOT; };
		06CD6D92173BA9350026E0D3 /* CoreData.framework */ = {isa = PBXFileReference; lastKnownFileType = wrapper.framework; name = CoreData.framework; path = System/Library/Frameworks/CoreData.framework; sourceTree = SDKROOT; };
		06CD6D94173BA9400026E0D3 /* CoreLocation.framework */ = {isa = PBXFileReference; lastKnownFileType = wrapper.framework; name = CoreLocation.framework; path = System/Library/Frameworks/CoreLocation.framework; sourceTree = SDKROOT; };
		06CD6D96173BA94A0026E0D3 /* CoreText.framework */ = {isa = PBXFileReference; lastKnownFileType = wrapper.framework; name = CoreText.framework; path = System/Library/Frameworks/CoreText.framework; sourceTree = SDKROOT; };
		06CD6D98173BA9530026E0D3 /* GLKit.framework */ = {isa = PBXFileReference; lastKnownFileType = wrapper.framework; name = GLKit.framework; path = System/Library/Frameworks/GLKit.framework; sourceTree = SDKROOT; };
		06CD6D9A173BA95F0026E0D3 /* ImageIO.framework */ = {isa = PBXFileReference; lastKnownFileType = wrapper.framework; name = ImageIO.framework; path = System/Library/Frameworks/ImageIO.framework; sourceTree = SDKROOT; };
		06CD6D9C173BA9710026E0D3 /* libc++.dylib */ = {isa = PBXFileReference; lastKnownFileType = "compiled.mach-o.dylib"; name = "libc++.dylib"; path = "usr/lib/libc++.dylib"; sourceTree = SDKROOT; };
		06CD6D9E173BA97D0026E0D3 /* libicucore.dylib */ = {isa = PBXFileReference; lastKnownFileType = "compiled.mach-o.dylib"; name = libicucore.dylib; path = usr/lib/libicucore.dylib; sourceTree = SDKROOT; };
		06CD6DA0173BA98A0026E0D3 /* libz.dylib */ = {isa = PBXFileReference; lastKnownFileType = "compiled.mach-o.dylib"; name = libz.dylib; path = usr/lib/libz.dylib; sourceTree = SDKROOT; };
		06CD6DA2173BA9930026E0D3 /* OpenGLES.framework */ = {isa = PBXFileReference; lastKnownFileType = wrapper.framework; name = OpenGLES.framework; path = System/Library/Frameworks/OpenGLES.framework; sourceTree = SDKROOT; };
		06CD6DA4173BA99E0026E0D3 /* QuartzCore.framework */ = {isa = PBXFileReference; lastKnownFileType = wrapper.framework; name = QuartzCore.framework; path = System/Library/Frameworks/QuartzCore.framework; sourceTree = SDKROOT; };
		06CD6DA6173BA9A30026E0D3 /* SystemConfiguration.framework */ = {isa = PBXFileReference; lastKnownFileType = wrapper.framework; name = SystemConfiguration.framework; path = System/Library/Frameworks/SystemConfiguration.framework; sourceTree = SDKROOT; };
		06CD6DA8173BAC060026E0D3 /* MapViewController.h */ = {isa = PBXFileReference; fileEncoding = 4; lastKnownFileType = sourcecode.c.h; path = MapViewController.h; sourceTree = "<group>"; };
		06CD6DA9173BAC060026E0D3 /* MapViewController.m */ = {isa = PBXFileReference; fileEncoding = 4; lastKnownFileType = sourcecode.c.objc; path = MapViewController.m; sourceTree = "<group>"; };
		06CD6DAB173BAFCA0026E0D3 /* PhotoStorage.h */ = {isa = PBXFileReference; fileEncoding = 4; lastKnownFileType = sourcecode.c.h; path = PhotoStorage.h; sourceTree = "<group>"; };
		06CD6DAC173BAFCA0026E0D3 /* PhotoStorage.m */ = {isa = PBXFileReference; fileEncoding = 4; lastKnownFileType = sourcecode.c.objc; path = PhotoStorage.m; sourceTree = "<group>"; };
		06CD6DAE173BEE240026E0D3 /* PhotoDescriptionVC.h */ = {isa = PBXFileReference; fileEncoding = 4; lastKnownFileType = sourcecode.c.h; path = PhotoDescriptionVC.h; sourceTree = "<group>"; };
		06CD6DAF173BEE240026E0D3 /* PhotoDescriptionVC.m */ = {isa = PBXFileReference; fileEncoding = 4; lastKnownFileType = sourcecode.c.objc; path = PhotoDescriptionVC.m; sourceTree = "<group>"; };
		06CD6DB1173D62160026E0D3 /* MapKit.framework */ = {isa = PBXFileReference; lastKnownFileType = wrapper.framework; name = MapKit.framework; path = System/Library/Frameworks/MapKit.framework; sourceTree = SDKROOT; };
		06CD6DB4173D99A70026E0D3 /* PhotoAnnotation.h */ = {isa = PBXFileReference; fileEncoding = 4; lastKnownFileType = sourcecode.c.h; path = PhotoAnnotation.h; sourceTree = "<group>"; };
		06CD6DB5173D99A70026E0D3 /* PhotoAnnotation.m */ = {isa = PBXFileReference; fileEncoding = 4; lastKnownFileType = sourcecode.c.objc; path = PhotoAnnotation.m; sourceTree = "<group>"; };
/* End PBXFileReference section */

/* Begin PBXFrameworksBuildPhase section */
		0404E881173A4B99008B2946 /* Frameworks */ = {
			isa = PBXFrameworksBuildPhase;
			buildActionMask = 2147483647;
			files = (
				06CD6DB2173D62160026E0D3 /* MapKit.framework in Frameworks */,
				06CD6DA7173BA9A30026E0D3 /* SystemConfiguration.framework in Frameworks */,
				06CD6DA5173BA99E0026E0D3 /* QuartzCore.framework in Frameworks */,
				06CD6DA3173BA9930026E0D3 /* OpenGLES.framework in Frameworks */,
				06CD6DA1173BA98A0026E0D3 /* libz.dylib in Frameworks */,
				06CD6D9F173BA97D0026E0D3 /* libicucore.dylib in Frameworks */,
				06CD6D9D173BA9710026E0D3 /* libc++.dylib in Frameworks */,
				06CD6D9B173BA95F0026E0D3 /* ImageIO.framework in Frameworks */,
				06CD6D99173BA9530026E0D3 /* GLKit.framework in Frameworks */,
				06CD6D97173BA94A0026E0D3 /* CoreText.framework in Frameworks */,
				06CD6D95173BA9400026E0D3 /* CoreLocation.framework in Frameworks */,
				06CD6D93173BA9350026E0D3 /* CoreData.framework in Frameworks */,
				06CD6D91173BA9290026E0D3 /* AVFoundation.framework in Frameworks */,
				0404E888173A4B99008B2946 /* UIKit.framework in Frameworks */,
				0404E88A173A4B99008B2946 /* Foundation.framework in Frameworks */,
				0404E88C173A4B99008B2946 /* CoreGraphics.framework in Frameworks */,
				06CD6D8D173BA8580026E0D3 /* GoogleMaps.framework in Frameworks */,
			);
			runOnlyForDeploymentPostprocessing = 0;
		};
/* End PBXFrameworksBuildPhase section */

/* Begin PBXGroup section */
		0404E87B173A4B99008B2946 = {
			isa = PBXGroup;
			children = (
				0404E88D173A4B99008B2946 /* ProjectApp */,
				0404E886173A4B99008B2946 /* Frameworks */,
				0404E885173A4B99008B2946 /* Products */,
			);
			sourceTree = "<group>";
		};
		0404E885173A4B99008B2946 /* Products */ = {
			isa = PBXGroup;
			children = (
				0404E884173A4B99008B2946 /* ProjectApp.app */,
			);
			name = Products;
			sourceTree = "<group>";
		};
		0404E886173A4B99008B2946 /* Frameworks */ = {
			isa = PBXGroup;
			children = (
				06CD6DB1173D62160026E0D3 /* MapKit.framework */,
				06CD6DA6173BA9A30026E0D3 /* SystemConfiguration.framework */,
				06CD6DA4173BA99E0026E0D3 /* QuartzCore.framework */,
				06CD6DA2173BA9930026E0D3 /* OpenGLES.framework */,
				06CD6DA0173BA98A0026E0D3 /* libz.dylib */,
				06CD6D9E173BA97D0026E0D3 /* libicucore.dylib */,
				06CD6D9C173BA9710026E0D3 /* libc++.dylib */,
				06CD6D9A173BA95F0026E0D3 /* ImageIO.framework */,
				06CD6D98173BA9530026E0D3 /* GLKit.framework */,
				06CD6D96173BA94A0026E0D3 /* CoreText.framework */,
				06CD6D94173BA9400026E0D3 /* CoreLocation.framework */,
				06CD6D92173BA9350026E0D3 /* CoreData.framework */,
				06CD6D90173BA9290026E0D3 /* AVFoundation.framework */,
				06CD6D8E173BA89F0026E0D3 /* GoogleMaps.bundle */,
				06CD6D8C173BA8580026E0D3 /* GoogleMaps.framework */,
				0404E887173A4B99008B2946 /* UIKit.framework */,
				0404E889173A4B99008B2946 /* Foundation.framework */,
				0404E88B173A4B99008B2946 /* CoreGraphics.framework */,
			);
			name = Frameworks;
			sourceTree = "<group>";
		};
		0404E88D173A4B99008B2946 /* ProjectApp */ = {
			isa = PBXGroup;
			children = (
				06CD6DB3173D994F0026E0D3 /* Annotation */,
				0404E8C0173A5394008B2946 /* ViewControllers */,
				06CD6DAB173BAFCA0026E0D3 /* PhotoStorage.h */,
				06CD6DAC173BAFCA0026E0D3 /* PhotoStorage.m */,
				04428C56173CE7C20088A376 /* smileyImage.jpeg */,
				0404E8D8173A8ED5008B2946 /* Storyboards */,
				0404E8B0173A4CD0008B2946 /* FlickrFetcher */,
				0404E88E173A4B99008B2946 /* Supporting Files */,
			);
			path = ProjectApp;
			sourceTree = "<group>";
		};
		0404E88E173A4B99008B2946 /* Supporting Files */ = {
			isa = PBXGroup;
			children = (
				0404E945173C2877008B2946 /* AppDelegate.h */,
				0404E946173C2877008B2946 /* AppDelegate.m */,
				0404E88F173A4B99008B2946 /* ProjectApp-Info.plist */,
				0404E890173A4B99008B2946 /* InfoPlist.strings */,
				0404E893173A4B99008B2946 /* main.m */,
				0404E895173A4B99008B2946 /* ProjectApp-Prefix.pch */,
				0404E899173A4B99008B2946 /* Default.png */,
				0404E89B173A4B99008B2946 /* Default@2x.png */,
				0404E89D173A4B99008B2946 /* Default-568h@2x.png */,
			);
			name = "Supporting Files";
			sourceTree = "<group>";
		};
		0404E8B0173A4CD0008B2946 /* FlickrFetcher */ = {
			isa = PBXGroup;
			children = (
				0404E8B1173A4CD0008B2946 /* FlickrAPIKey.h */,
				0404E8B2173A4CD0008B2946 /* FlickrFetcher.h */,
				0404E8B3173A4CD0008B2946 /* FlickrFetcher.m */,
				04428D05173D169D0088A376 /* FlickrAuthentication.h */,
				04428D06173D169D0088A376 /* FlickrAuthentication.m */,
			);
			path = FlickrFetcher;
			sourceTree = "<group>";
		};
		0404E8C0173A5394008B2946 /* ViewControllers */ = {
			isa = PBXGroup;
			children = (
				06CD6DA8173BAC060026E0D3 /* MapViewController.h */,
				06CD6DA9173BAC060026E0D3 /* MapViewController.m */,
				0404E942173C27F4008B2946 /* PhotoUploaderVC.h */,
				0404E943173C27F4008B2946 /* PhotoUploaderVC.m */,
				0404E8D0173A8A61008B2946 /* PhotoListTVC.h */,
				0404E8D1173A8A61008B2946 /* PhotoListTVC.m */,
				06BDC1BA173A923F00611447 /* ImageViewController.h */,
				06BDC1BB173A923F00611447 /* ImageViewController.m */,
				0404E8BD173A538A008B2946 /* NewPhotoViewController.h */,
				0404E8BE173A538A008B2946 /* NewPhotoViewController.m */,
				06CD6DAE173BEE240026E0D3 /* PhotoDescriptionVC.h */,
				06CD6DAF173BEE240026E0D3 /* PhotoDescriptionVC.m */,
			);
			name = ViewControllers;
			sourceTree = "<group>";
		};
		0404E8D8173A8ED5008B2946 /* Storyboards */ = {
			isa = PBXGroup;
			children = (
				0404E8BB173A5104008B2946 /* iPhone.storyboard */,
			);
			name = Storyboards;
			sourceTree = "<group>";
		};
		06CD6DB3173D994F0026E0D3 /* Annotation */ = {
			isa = PBXGroup;
			children = (
				06CD6DB4173D99A70026E0D3 /* PhotoAnnotation.h */,
				06CD6DB5173D99A70026E0D3 /* PhotoAnnotation.m */,
			);
			name = Annotation;
			sourceTree = "<group>";
		};
/* End PBXGroup section */

/* Begin PBXNativeTarget section */
		0404E883173A4B99008B2946 /* ProjectApp */ = {
			isa = PBXNativeTarget;
			buildConfigurationList = 0404E8AA173A4B99008B2946 /* Build configuration list for PBXNativeTarget "ProjectApp" */;
			buildPhases = (
				0404E880173A4B99008B2946 /* Sources */,
				0404E881173A4B99008B2946 /* Frameworks */,
				0404E882173A4B99008B2946 /* Resources */,
			);
			buildRules = (
			);
			dependencies = (
			);
			name = ProjectApp;
			productName = ProjectApp;
			productReference = 0404E884173A4B99008B2946 /* ProjectApp.app */;
			productType = "com.apple.product-type.application";
		};
/* End PBXNativeTarget section */

/* Begin PBXProject section */
		0404E87C173A4B99008B2946 /* Project object */ = {
			isa = PBXProject;
			attributes = {
				LastUpgradeCheck = 0460;
				ORGANIZATIONNAME = "Abrj & Kdan";
			};
			buildConfigurationList = 0404E87F173A4B99008B2946 /* Build configuration list for PBXProject "ProjectApp" */;
			compatibilityVersion = "Xcode 3.2";
			developmentRegion = English;
			hasScannedForEncodings = 0;
			knownRegions = (
				en,
			);
			mainGroup = 0404E87B173A4B99008B2946;
			productRefGroup = 0404E885173A4B99008B2946 /* Products */;
			projectDirPath = "";
			projectRoot = "";
			targets = (
				0404E883173A4B99008B2946 /* ProjectApp */,
			);
		};
/* End PBXProject section */

/* Begin PBXResourcesBuildPhase section */
		0404E882173A4B99008B2946 /* Resources */ = {
			isa = PBXResourcesBuildPhase;
			buildActionMask = 2147483647;
			files = (
				0404E892173A4B99008B2946 /* InfoPlist.strings in Resources */,
				0404E89A173A4B99008B2946 /* Default.png in Resources */,
				0404E89C173A4B99008B2946 /* Default@2x.png in Resources */,
				0404E89E173A4B99008B2946 /* Default-568h@2x.png in Resources */,
				0404E8BC173A5104008B2946 /* iPhone.storyboard in Resources */,
				06CD6D8F173BA89F0026E0D3 /* GoogleMaps.bundle in Resources */,
				04428C57173CE7C20088A376 /* smileyImage.jpeg in Resources */,
			);
			runOnlyForDeploymentPostprocessing = 0;
		};
/* End PBXResourcesBuildPhase section */

/* Begin PBXSourcesBuildPhase section */
		0404E880173A4B99008B2946 /* Sources */ = {
			isa = PBXSourcesBuildPhase;
			buildActionMask = 2147483647;
			files = (
				0404E894173A4B99008B2946 /* main.m in Sources */,
				0404E8B4173A4CD0008B2946 /* FlickrFetcher.m in Sources */,
				0404E8BF173A538A008B2946 /* NewPhotoViewController.m in Sources */,
				0404E8D2173A8A62008B2946 /* PhotoListTVC.m in Sources */,
				06BDC1BC173A923F00611447 /* ImageViewController.m in Sources */,
				06CD6DAA173BAC060026E0D3 /* MapViewController.m in Sources */,
				06CD6DAD173BAFCA0026E0D3 /* PhotoStorage.m in Sources */,
				06CD6DB0173BEE240026E0D3 /* PhotoDescriptionVC.m in Sources */,
				0404E944173C27F4008B2946 /* PhotoUploaderVC.m in Sources */,
				0404E947173C2877008B2946 /* AppDelegate.m in Sources */,
				04428D07173D169D0088A376 /* FlickrAuthentication.m in Sources */,
				06CD6DB6173D99A70026E0D3 /* PhotoAnnotation.m in Sources */,
			);
			runOnlyForDeploymentPostprocessing = 0;
		};
/* End PBXSourcesBuildPhase section */

/* Begin PBXVariantGroup section */
		0404E890173A4B99008B2946 /* InfoPlist.strings */ = {
			isa = PBXVariantGroup;
			children = (
				0404E891173A4B99008B2946 /* en */,
			);
			name = InfoPlist.strings;
			sourceTree = "<group>";
		};
/* End PBXVariantGroup section */

/* Begin XCBuildConfiguration section */
		0404E8A8173A4B99008B2946 /* Debug */ = {
			isa = XCBuildConfiguration;
			buildSettings = {
				ALWAYS_SEARCH_USER_PATHS = NO;
				CLANG_CXX_LANGUAGE_STANDARD = "gnu++0x";
				CLANG_CXX_LIBRARY = "libc++";
				CLANG_ENABLE_OBJC_ARC = YES;
				CLANG_WARN_CONSTANT_CONVERSION = YES;
				CLANG_WARN_EMPTY_BODY = YES;
				CLANG_WARN_ENUM_CONVERSION = YES;
				CLANG_WARN_INT_CONVERSION = YES;
				CLANG_WARN__DUPLICATE_METHOD_MATCH = YES;
				"CODE_SIGN_IDENTITY[sdk=iphoneos*]" = "iPhone Developer";
				COPY_PHASE_STRIP = NO;
				GCC_C_LANGUAGE_STANDARD = gnu99;
				GCC_DYNAMIC_NO_PIC = NO;
				GCC_OPTIMIZATION_LEVEL = 0;
				GCC_PREPROCESSOR_DEFINITIONS = (
					"DEBUG=1",
					"$(inherited)",
				);
				GCC_SYMBOLS_PRIVATE_EXTERN = NO;
				GCC_WARN_ABOUT_RETURN_TYPE = YES;
				GCC_WARN_UNINITIALIZED_AUTOS = YES;
				GCC_WARN_UNUSED_VARIABLE = YES;
				IPHONEOS_DEPLOYMENT_TARGET = 6.1;
				ONLY_ACTIVE_ARCH = YES;
				OTHER_LDFLAGS = "-ObjC";
				SDKROOT = iphoneos;
				"SDKROOT[arch=armv7]" = iphoneos;
				TARGETED_DEVICE_FAMILY = "1,2";
			};
			name = Debug;
		};
		0404E8A9173A4B99008B2946 /* Release */ = {
			isa = XCBuildConfiguration;
			buildSettings = {
				ALWAYS_SEARCH_USER_PATHS = NO;
				CLANG_CXX_LANGUAGE_STANDARD = "gnu++0x";
				CLANG_CXX_LIBRARY = "libc++";
				CLANG_ENABLE_OBJC_ARC = YES;
				CLANG_WARN_CONSTANT_CONVERSION = YES;
				CLANG_WARN_EMPTY_BODY = YES;
				CLANG_WARN_ENUM_CONVERSION = YES;
				CLANG_WARN_INT_CONVERSION = YES;
				CLANG_WARN__DUPLICATE_METHOD_MATCH = YES;
				"CODE_SIGN_IDENTITY[sdk=iphoneos*]" = "iPhone Developer";
				COPY_PHASE_STRIP = YES;
				GCC_C_LANGUAGE_STANDARD = gnu99;
				GCC_WARN_ABOUT_RETURN_TYPE = YES;
				GCC_WARN_UNINITIALIZED_AUTOS = YES;
				GCC_WARN_UNUSED_VARIABLE = YES;
				IPHONEOS_DEPLOYMENT_TARGET = 6.1;
				OTHER_CFLAGS = "-DNS_BLOCK_ASSERTIONS=1";
				OTHER_LDFLAGS = "-ObjC";
				SDKROOT = iphoneos;
				"SDKROOT[arch=armv7]" = iphoneos;
				TARGETED_DEVICE_FAMILY = "1,2";
				VALIDATE_PRODUCT = YES;
			};
			name = Release;
		};
		0404E8AB173A4B99008B2946 /* Debug */ = {
			isa = XCBuildConfiguration;
			buildSettings = {
				CLANG_ENABLE_OBJC_ARC = YES;
				FRAMEWORK_SEARCH_PATHS = (
					"$(inherited)",
					"\"$(SRCROOT)\"",
				);
				GCC_PRECOMPILE_PREFIX_HEADER = YES;
				GCC_PREFIX_HEADER = "ProjectApp/ProjectApp-Prefix.pch";
				INFOPLIST_FILE = "ProjectApp/ProjectApp-Info.plist";
				PRODUCT_NAME = "$(TARGET_NAME)";
				WRAPPER_EXTENSION = app;
			};
			name = Debug;
		};
		0404E8AC173A4B99008B2946 /* Release */ = {
			isa = XCBuildConfiguration;
			buildSettings = {
				CLANG_ENABLE_OBJC_ARC = YES;
				FRAMEWORK_SEARCH_PATHS = (
					"$(inherited)",
					"\"$(SRCROOT)\"",
				);
				GCC_PRECOMPILE_PREFIX_HEADER = YES;
				GCC_PREFIX_HEADER = "ProjectApp/ProjectApp-Prefix.pch";
				INFOPLIST_FILE = "ProjectApp/ProjectApp-Info.plist";
				PRODUCT_NAME = "$(TARGET_NAME)";
				WRAPPER_EXTENSION = app;
			};
			name = Release;
		};
/* End XCBuildConfiguration section */

/* Begin XCConfigurationList section */
		0404E87F173A4B99008B2946 /* Build configuration list for PBXProject "ProjectApp" */ = {
			isa = XCConfigurationList;
			buildConfigurations = (
				0404E8A8173A4B99008B2946 /* Debug */,
				0404E8A9173A4B99008B2946 /* Release */,
			);
			defaultConfigurationIsVisible = 0;
			defaultConfigurationName = Release;
		};
		0404E8AA173A4B99008B2946 /* Build configuration list for PBXNativeTarget "ProjectApp" */ = {
			isa = XCConfigurationList;
			buildConfigurations = (
				0404E8AB173A4B99008B2946 /* Debug */,
				0404E8AC173A4B99008B2946 /* Release */,
			);
			defaultConfigurationIsVisible = 0;
			defaultConfigurationName = Release;
		};
/* End XCConfigurationList section */
	};
	rootObject = 0404E87C173A4B99008B2946 /* Project object */;
}
